# THIS IS AN AUTOGENERATED FILE. DO NOT EDIT THIS FILE DIRECTLY.
# yarn lockfile v1


"@babel/runtime@^7.0.0":
  version "7.5.5"
  resolved "https://registry.npm.alibaba-inc.com/@babel/runtime/download/@babel/runtime-7.5.5.tgz#74fba56d35efbeca444091c7850ccd494fd2f132"
  integrity sha1-dPulbTXvvspEQJHHhQzNSU/S8TI=
  dependencies:
    regenerator-runtime "^0.13.2"

"@redux-saga/core@^1.0.3":
  version "1.0.3"
  resolved "https://registry.npm.alibaba-inc.com/@redux-saga/core/download/@redux-saga/core-1.0.3.tgz#c29ec7ae3d7dfcbcb8dc93177f2b3edc798c5d85"
  integrity sha1-wp7Hrj19/Ly43JMXfys+3HmMXYU=
  dependencies:
    "@babel/runtime" "^7.0.0"
    "@redux-saga/deferred" "^1.0.1"
    "@redux-saga/delay-p" "^1.0.1"
    "@redux-saga/is" "^1.0.2"
    "@redux-saga/symbols" "^1.0.1"
    "@redux-saga/types" "^1.0.2"
    redux ">=0.10 <5"
    typescript-tuple "^2.1.0"

"@redux-saga/deferred@^1.0.1":
  version "1.0.1"
  resolved "https://registry.npm.alibaba-inc.com/@redux-saga/deferred/download/@redux-saga/deferred-1.0.1.tgz#c895445e486bded90acf0b873b4e978fbfe458c2"
  integrity sha1-yJVEXkhr3tkKzwuHO06Xj7/kWMI=

"@redux-saga/delay-p@^1.0.1":
  version "1.0.1"
  resolved "https://registry.npm.alibaba-inc.com/@redux-saga/delay-p/download/@redux-saga/delay-p-1.0.1.tgz#d69fc6103c7509ae80faa144ea17bbc69e51e029"
  integrity sha1-1p/GEDx1Ca6A+qFE6he7xp5R4Ck=
  dependencies:
    "@redux-saga/symbols" "^1.0.1"

"@redux-saga/is@^1.0.2":
  version "1.0.2"
  resolved "https://registry.npm.alibaba-inc.com/@redux-saga/is/download/@redux-saga/is-1.0.2.tgz#7f4be014c97061898d7efb11d6c9de31e943ed38"
  integrity sha1-f0vgFMlwYYmNfvsR1sneMelD7Tg=
  dependencies:
    "@redux-saga/symbols" "^1.0.1"
    "@redux-saga/types" "^1.0.2"

"@redux-saga/symbols@^1.0.1":
  version "1.0.1"
  resolved "https://registry.npm.alibaba-inc.com/@redux-saga/symbols/download/@redux-saga/symbols-1.0.1.tgz#46512ae1275f88df061c42168d0f600ddb170c1e"
  integrity sha1-RlEq4SdfiN8GHEIWjQ9gDdsXDB4=

"@redux-saga/types@^1.0.2":
  version "1.0.2"
  resolved "https://registry.npm.alibaba-inc.com/@redux-saga/types/download/@redux-saga/types-1.0.2.tgz#1d94f02800b094753f9271c206a26c2a06ca14ee"
  integrity sha1-HZTwKACwlHU/knHCBqJsKgbKFO4=

"js-tokens@^3.0.0 || ^4.0.0":
  version "4.0.0"
  resolved "https://registry.npm.alibaba-inc.com/js-tokens/download/js-tokens-4.0.0.tgz#19203fb59991df98e3a287050d4647cdeaf32499"
  integrity sha1-GSA/tZmR35jjoocFDUZHzerzJJk=

loose-envify@^1.4.0:
  version "1.4.0"
  resolved "https://registry.npm.alibaba-inc.com/loose-envify/download/loose-envify-1.4.0.tgz#71ee51fa7be4caec1a63839f7e682d8132d30caf"
  integrity sha1-ce5R+nvkyuwaY4OffmgtgTLTDK8=
  dependencies:
    js-tokens "^3.0.0 || ^4.0.0"

redux-saga@^1.0.5:
  version "1.0.5"
  resolved "https://registry.npm.alibaba-inc.com/redux-saga/download/redux-saga-1.0.5.tgz#03317261bc5fa7ee2ecb778f4e4848f573557bbb"
  integrity sha1-AzFyYbxfp+4uy3ePTkhI9XNVe7s=
  dependencies:
    "@redux-saga/core" "^1.0.3"

"redux@>=0.10 <5":
  version "4.0.4"
  resolved "https://registry.npm.alibaba-inc.com/redux/download/redux-4.0.4.tgz#4ee1aeb164b63d6a1bcc57ae4aa0b6e6fa7a3796"
  integrity sha1-TuGusWS2PWobzFeuSqC25vp6N5Y=
  dependencies:
    loose-envify "^1.4.0"
    symbol-observable "^1.2.0"

regenerator-runtime@^0.13.2:
  version "0.13.3"
  resolved "https://registry.npm.alibaba-inc.com/regenerator-runtime/download/regenerator-runtime-0.13.3.tgz#7cf6a77d8f5c6f60eb73c5fc1955b2ceb01e6bf5"
  integrity sha1-fPanfY9cb2Drc8X8GVWyzrAea/U=

symbol-observable@^1.2.0:
  version "1.2.0"
  resolved "https://registry.npm.alibaba-inc.com/symbol-observable/download/symbol-observable-1.2.0.tgz#c22688aed4eab3cdc2dfeacbb561660560a00804"
  integrity sha1-wiaIrtTqs83C3+rLtWFmBWCgCAQ=

typescript-compare@^0.0.2:
  version "0.0.2"
  resolved "https://registry.npm.alibaba-inc.com/typescript-compare/download/typescript-compare-0.0.2.tgz#7ee40a400a406c2ea0a7e551efd3309021d5f425"
  integrity sha1-fuQKQApAbC6gp+VR79MwkCHV9CU=
  dependencies:
    typescript-logic "^0.0.0"

typescript-logic@^0.0.0:
  version "0.0.0"
  resolved "https://registry.npm.alibaba-inc.com/typescript-logic/download/typescript-logic-0.0.0.tgz#66ebd82a2548f2b444a43667bec120b496890196"
  integrity sha1-ZuvYKiVI8rREpDZnvsEgtJaJAZY=

typescript-tuple@^2.1.0:
  version "2.2.1"
  resolved "https://registry.npm.alibaba-inc.com/typescript-tuple/download/typescript-tuple-2.2.1.tgz#7d9813fb4b355f69ac55032e0363e8bb0f04dad2"
  integrity sha1-fZgT+0s1X2msVQMuA2Pouw8E2tI=
  dependencies:
    typescript-compare "^0.0.2"
